
Microsoft Visual Studio Solution File, Format Version 12.00
# Visual Studio Version 17
VisualStudioVersion = 17.14.36616.10
MinimumVisualStudioVersion = 10.0.40219.1
Project("{FAE04EC0-301F-11D3-BF4B-00C04F79EFBC}") = "Rechner", "Rechner\Rechner.csproj", "{60491C08-6896-46F4-A701-974283AD12CF}"
EndProject
Project("{2150E333-8FDC-42A3-9474-1A3956D46DE8}") = "M002", "M002", "{02EA681E-C7D8-13C7-8484-4AC65E1B71E8}"
EndProject
Project("{FAE04EC0-301F-11D3-BF4B-00C04F79EFBC}") = "RechnerTests_xUnit", "RechnerTests_xUnit\RechnerTests_xUnit.csproj", "{C99611B3-D306-4757-B0A5-648E46185AF5}"
EndProject
Project("{FAE04EC0-301F-11D3-BF4B-00C04F79EFBC}") = "RechnerTests_MSTest", "RechnerTests_MSTest\RechnerTests_MSTest.csproj", "{131576D6-2052-477D-997C-430534FA841A}"
EndProject
Project("{2150E333-8FDC-42A3-9474-1A3956D46DE8}") = "M003", "M003", "{5C07969A-03F5-4D72-8E4A-EA71F1F2ADBC}"
EndProject
Project("{FAE04EC0-301F-11D3-BF4B-00C04F79EFBC}") = "Bankkonto", "Bankkonto\Bankkonto.csproj", "{D970B0F0-19A2-42C0-B270-7E1CF9AC5FB7}"
EndProject
Project("{FAE04EC0-301F-11D3-BF4B-00C04F79EFBC}") = "BankkontoTests", "BankkontoTests\BankkontoTests.csproj", "{1760D611-0728-44AE-9932-10781A822A4D}"
EndProject
Project("{2150E333-8FDC-42A3-9474-1A3956D46DE8}") = "Lab", "Lab", "{F984AB40-54EE-4687-9E05-6F565240F280}"
EndProject
Project("{FAE04EC0-301F-11D3-BF4B-00C04F79EFBC}") = "M003_Lab_Tests", "M003_Lab_Tests\M003_Lab_Tests.csproj", "{F51D7E28-CA00-40F2-8697-CC6798ED36BE}"
EndProject
Project("{FAE04EC0-301F-11D3-BF4B-00C04F79EFBC}") = "M003_Lab", "M003_Lab\M003_Lab.csproj", "{D1DD9E03-D5ED-4711-B200-539BBC86F237}"
EndProject
Project("{2150E333-8FDC-42A3-9474-1A3956D46DE8}") = "M004", "M004", "{7BDF8FA0-4241-495F-B48B-09098989E2B1}"
EndProject
Project("{FAE04EC0-301F-11D3-BF4B-00C04F79EFBC}") = "OpeningHours", "OpeningHours\OpeningHours.csproj", "{1FAB7608-9BA2-4387-BD96-0258E7DC4B39}"
EndProject
Project("{FAE04EC0-301F-11D3-BF4B-00C04F79EFBC}") = "ShopTests", "ShopTests\ShopTests.csproj", "{5E7BE7DD-8F64-4708-86A0-74A54B5CA898}"
EndProject
Project("{2150E333-8FDC-42A3-9474-1A3956D46DE8}") = "M005", "M005", "{F891E23E-6887-4135-AD67-06303CE456AB}"
EndProject
Project("{FAE04EC0-301F-11D3-BF4B-00C04F79EFBC}") = "M005_Rechner", "M005_Rechner\M005_Rechner.csproj", "{0D694407-FD19-4651-978D-59F2568ADD89}"
EndProject
Project("{FAE04EC0-301F-11D3-BF4B-00C04F79EFBC}") = "M005_Rechner_Tests", "M005_Rechner_Tests\M005_Rechner_Tests.csproj", "{447B8C7E-8F0C-400B-9708-AF5AFA01A4E0}"
EndProject
Project("{2150E333-8FDC-42A3-9474-1A3956D46DE8}") = "M006", "M006", "{5D0FD666-2730-4A2D-A544-109745248497}"
EndProject
Project("{FAE04EC0-301F-11D3-BF4B-00C04F79EFBC}") = "Benchmarks", "Benchmarks\Benchmarks.csproj", "{FCB723B6-31FA-4DD0-83DF-FAE037A79B22}"
EndProject
Project("{2150E333-8FDC-42A3-9474-1A3956D46DE8}") = "M007", "M007", "{6DD56FCC-9036-46E7-B6D6-CDB068EFB90D}"
EndProject
Project("{FAE04EC0-301F-11D3-BF4B-00C04F79EFBC}") = "M007_EFCore_ModelFirst", "M007_EFCore_ModelFirst\M007_EFCore_ModelFirst.csproj", "{7AD7AD8A-CD13-4428-ACA2-BE797E4158A8}"
EndProject
Project("{FAE04EC0-301F-11D3-BF4B-00C04F79EFBC}") = "M007_EFCore_DBFirst", "M007_EFCore_DBFirst\M007_EFCore_DBFirst.csproj", "{35B50361-8CC2-4DD4-9E34-691C55A8951A}"
EndProject
Project("{FAE04EC0-301F-11D3-BF4B-00C04F79EFBC}") = "M007_DBAccess", "M007_DBAccess\M007_DBAccess.csproj", "{27512526-0479-40E5-9184-0384F7D40209}"
EndProject
Project("{FAE04EC0-301F-11D3-BF4B-00C04F79EFBC}") = "M007_DBTests", "M007_DBTests\M007_DBTests.csproj", "{C117F368-4BBE-4754-A6DB-C4B6F8192236}"
EndProject
Project("{2150E333-8FDC-42A3-9474-1A3956D46DE8}") = "M008", "M008", "{AC978242-8813-453D-9ADC-01DB257D743B}"
EndProject
Project("{FAE04EC0-301F-11D3-BF4B-00C04F79EFBC}") = "M008_Bankkonto", "M008_Bankkonto\M008_Bankkonto.csproj", "{16FB4091-982F-4A36-B07F-B7CFC7ADE695}"
EndProject
Project("{FAE04EC0-301F-11D3-BF4B-00C04F79EFBC}") = "M008_BankkontoTests", "M008_BankkontoTests\M008_BankkontoTests.csproj", "{660F4E47-EE70-495F-BE6F-EA2029856B1C}"
EndProject
Project("{2150E333-8FDC-42A3-9474-1A3956D46DE8}") = "M009", "M009", "{B216C57F-0D98-4C66-806D-C5A795710A97}"
EndProject
Project("{FAE04EC0-301F-11D3-BF4B-00C04F79EFBC}") = "M009_WPF", "M009_WPF\M009_WPF.csproj", "{856F112F-611C-4699-897E-CBAA64F667A0}"
EndProject
Project("{FAE04EC0-301F-11D3-BF4B-00C04F79EFBC}") = "M009_WPFTests", "M009_WPFTests\M009_WPFTests.csproj", "{CFDAF529-E1B9-4264-9549-C8EBE9082103}"
EndProject
Global
	GlobalSection(SolutionConfigurationPlatforms) = preSolution
		Debug|Any CPU = Debug|Any CPU
		Release|Any CPU = Release|Any CPU
	EndGlobalSection
	GlobalSection(ProjectConfigurationPlatforms) = postSolution
		{60491C08-6896-46F4-A701-974283AD12CF}.Debug|Any CPU.ActiveCfg = Debug|Any CPU
		{60491C08-6896-46F4-A701-974283AD12CF}.Debug|Any CPU.Build.0 = Debug|Any CPU
		{60491C08-6896-46F4-A701-974283AD12CF}.Release|Any CPU.ActiveCfg = Release|Any CPU
		{60491C08-6896-46F4-A701-974283AD12CF}.Release|Any CPU.Build.0 = Release|Any CPU
		{C99611B3-D306-4757-B0A5-648E46185AF5}.Debug|Any CPU.ActiveCfg = Debug|Any CPU
		{C99611B3-D306-4757-B0A5-648E46185AF5}.Debug|Any CPU.Build.0 = Debug|Any CPU
		{C99611B3-D306-4757-B0A5-648E46185AF5}.Release|Any CPU.ActiveCfg = Release|Any CPU
		{C99611B3-D306-4757-B0A5-648E46185AF5}.Release|Any CPU.Build.0 = Release|Any CPU
		{131576D6-2052-477D-997C-430534FA841A}.Debug|Any CPU.ActiveCfg = Debug|Any CPU
		{131576D6-2052-477D-997C-430534FA841A}.Debug|Any CPU.Build.0 = Debug|Any CPU
		{131576D6-2052-477D-997C-430534FA841A}.Release|Any CPU.ActiveCfg = Release|Any CPU
		{131576D6-2052-477D-997C-430534FA841A}.Release|Any CPU.Build.0 = Release|Any CPU
		{D970B0F0-19A2-42C0-B270-7E1CF9AC5FB7}.Debug|Any CPU.ActiveCfg = Debug|Any CPU
		{D970B0F0-19A2-42C0-B270-7E1CF9AC5FB7}.Debug|Any CPU.Build.0 = Debug|Any CPU
		{D970B0F0-19A2-42C0-B270-7E1CF9AC5FB7}.Release|Any CPU.ActiveCfg = Release|Any CPU
		{D970B0F0-19A2-42C0-B270-7E1CF9AC5FB7}.Release|Any CPU.Build.0 = Release|Any CPU
		{1760D611-0728-44AE-9932-10781A822A4D}.Debug|Any CPU.ActiveCfg = Debug|Any CPU
		{1760D611-0728-44AE-9932-10781A822A4D}.Debug|Any CPU.Build.0 = Debug|Any CPU
		{1760D611-0728-44AE-9932-10781A822A4D}.Release|Any CPU.ActiveCfg = Release|Any CPU
		{1760D611-0728-44AE-9932-10781A822A4D}.Release|Any CPU.Build.0 = Release|Any CPU
		{F51D7E28-CA00-40F2-8697-CC6798ED36BE}.Debug|Any CPU.ActiveCfg = Debug|Any CPU
		{F51D7E28-CA00-40F2-8697-CC6798ED36BE}.Debug|Any CPU.Build.0 = Debug|Any CPU
		{F51D7E28-CA00-40F2-8697-CC6798ED36BE}.Release|Any CPU.ActiveCfg = Release|Any CPU
		{F51D7E28-CA00-40F2-8697-CC6798ED36BE}.Release|Any CPU.Build.0 = Release|Any CPU
		{D1DD9E03-D5ED-4711-B200-539BBC86F237}.Debug|Any CPU.ActiveCfg = Debug|Any CPU
		{D1DD9E03-D5ED-4711-B200-539BBC86F237}.Debug|Any CPU.Build.0 = Debug|Any CPU
		{D1DD9E03-D5ED-4711-B200-539BBC86F237}.Release|Any CPU.ActiveCfg = Release|Any CPU
		{D1DD9E03-D5ED-4711-B200-539BBC86F237}.Release|Any CPU.Build.0 = Release|Any CPU
		{1FAB7608-9BA2-4387-BD96-0258E7DC4B39}.Debug|Any CPU.ActiveCfg = Debug|Any CPU
		{1FAB7608-9BA2-4387-BD96-0258E7DC4B39}.Debug|Any CPU.Build.0 = Debug|Any CPU
		{1FAB7608-9BA2-4387-BD96-0258E7DC4B39}.Release|Any CPU.ActiveCfg = Release|Any CPU
		{1FAB7608-9BA2-4387-BD96-0258E7DC4B39}.Release|Any CPU.Build.0 = Release|Any CPU
		{5E7BE7DD-8F64-4708-86A0-74A54B5CA898}.Debug|Any CPU.ActiveCfg = Debug|Any CPU
		{5E7BE7DD-8F64-4708-86A0-74A54B5CA898}.Debug|Any CPU.Build.0 = Debug|Any CPU
		{5E7BE7DD-8F64-4708-86A0-74A54B5CA898}.Release|Any CPU.ActiveCfg = Release|Any CPU
		{5E7BE7DD-8F64-4708-86A0-74A54B5CA898}.Release|Any CPU.Build.0 = Release|Any CPU
		{0D694407-FD19-4651-978D-59F2568ADD89}.Debug|Any CPU.ActiveCfg = Debug|Any CPU
		{0D694407-FD19-4651-978D-59F2568ADD89}.Debug|Any CPU.Build.0 = Debug|Any CPU
		{0D694407-FD19-4651-978D-59F2568ADD89}.Release|Any CPU.ActiveCfg = Release|Any CPU
		{0D694407-FD19-4651-978D-59F2568ADD89}.Release|Any CPU.Build.0 = Release|Any CPU
		{447B8C7E-8F0C-400B-9708-AF5AFA01A4E0}.Debug|Any CPU.ActiveCfg = Debug|Any CPU
		{447B8C7E-8F0C-400B-9708-AF5AFA01A4E0}.Debug|Any CPU.Build.0 = Debug|Any CPU
		{447B8C7E-8F0C-400B-9708-AF5AFA01A4E0}.Release|Any CPU.ActiveCfg = Release|Any CPU
		{447B8C7E-8F0C-400B-9708-AF5AFA01A4E0}.Release|Any CPU.Build.0 = Release|Any CPU
		{FCB723B6-31FA-4DD0-83DF-FAE037A79B22}.Debug|Any CPU.ActiveCfg = Debug|Any CPU
		{FCB723B6-31FA-4DD0-83DF-FAE037A79B22}.Debug|Any CPU.Build.0 = Debug|Any CPU
		{FCB723B6-31FA-4DD0-83DF-FAE037A79B22}.Release|Any CPU.ActiveCfg = Release|Any CPU
		{FCB723B6-31FA-4DD0-83DF-FAE037A79B22}.Release|Any CPU.Build.0 = Release|Any CPU
		{7AD7AD8A-CD13-4428-ACA2-BE797E4158A8}.Debug|Any CPU.ActiveCfg = Debug|Any CPU
		{7AD7AD8A-CD13-4428-ACA2-BE797E4158A8}.Debug|Any CPU.Build.0 = Debug|Any CPU
		{7AD7AD8A-CD13-4428-ACA2-BE797E4158A8}.Release|Any CPU.ActiveCfg = Release|Any CPU
		{7AD7AD8A-CD13-4428-ACA2-BE797E4158A8}.Release|Any CPU.Build.0 = Release|Any CPU
		{35B50361-8CC2-4DD4-9E34-691C55A8951A}.Debug|Any CPU.ActiveCfg = Debug|Any CPU
		{35B50361-8CC2-4DD4-9E34-691C55A8951A}.Debug|Any CPU.Build.0 = Debug|Any CPU
		{35B50361-8CC2-4DD4-9E34-691C55A8951A}.Release|Any CPU.ActiveCfg = Release|Any CPU
		{35B50361-8CC2-4DD4-9E34-691C55A8951A}.Release|Any CPU.Build.0 = Release|Any CPU
		{27512526-0479-40E5-9184-0384F7D40209}.Debug|Any CPU.ActiveCfg = Debug|Any CPU
		{27512526-0479-40E5-9184-0384F7D40209}.Debug|Any CPU.Build.0 = Debug|Any CPU
		{27512526-0479-40E5-9184-0384F7D40209}.Release|Any CPU.ActiveCfg = Release|Any CPU
		{27512526-0479-40E5-9184-0384F7D40209}.Release|Any CPU.Build.0 = Release|Any CPU
		{C117F368-4BBE-4754-A6DB-C4B6F8192236}.Debug|Any CPU.ActiveCfg = Debug|Any CPU
		{C117F368-4BBE-4754-A6DB-C4B6F8192236}.Debug|Any CPU.Build.0 = Debug|Any CPU
		{C117F368-4BBE-4754-A6DB-C4B6F8192236}.Release|Any CPU.ActiveCfg = Release|Any CPU
		{C117F368-4BBE-4754-A6DB-C4B6F8192236}.Release|Any CPU.Build.0 = Release|Any CPU
		{16FB4091-982F-4A36-B07F-B7CFC7ADE695}.Debug|Any CPU.ActiveCfg = Debug|Any CPU
		{16FB4091-982F-4A36-B07F-B7CFC7ADE695}.Debug|Any CPU.Build.0 = Debug|Any CPU
		{16FB4091-982F-4A36-B07F-B7CFC7ADE695}.Release|Any CPU.ActiveCfg = Release|Any CPU
		{16FB4091-982F-4A36-B07F-B7CFC7ADE695}.Release|Any CPU.Build.0 = Release|Any CPU
		{660F4E47-EE70-495F-BE6F-EA2029856B1C}.Debug|Any CPU.ActiveCfg = Debug|Any CPU
		{660F4E47-EE70-495F-BE6F-EA2029856B1C}.Debug|Any CPU.Build.0 = Debug|Any CPU
		{660F4E47-EE70-495F-BE6F-EA2029856B1C}.Release|Any CPU.ActiveCfg = Release|Any CPU
		{660F4E47-EE70-495F-BE6F-EA2029856B1C}.Release|Any CPU.Build.0 = Release|Any CPU
		{856F112F-611C-4699-897E-CBAA64F667A0}.Debug|Any CPU.ActiveCfg = Debug|Any CPU
		{856F112F-611C-4699-897E-CBAA64F667A0}.Debug|Any CPU.Build.0 = Debug|Any CPU
		{856F112F-611C-4699-897E-CBAA64F667A0}.Release|Any CPU.ActiveCfg = Release|Any CPU
		{856F112F-611C-4699-897E-CBAA64F667A0}.Release|Any CPU.Build.0 = Release|Any CPU
		{CFDAF529-E1B9-4264-9549-C8EBE9082103}.Debug|Any CPU.ActiveCfg = Debug|Any CPU
		{CFDAF529-E1B9-4264-9549-C8EBE9082103}.Debug|Any CPU.Build.0 = Debug|Any CPU
		{CFDAF529-E1B9-4264-9549-C8EBE9082103}.Release|Any CPU.ActiveCfg = Release|Any CPU
		{CFDAF529-E1B9-4264-9549-C8EBE9082103}.Release|Any CPU.Build.0 = Release|Any CPU
	EndGlobalSection
	GlobalSection(SolutionProperties) = preSolution
		HideSolutionNode = FALSE
	EndGlobalSection
	GlobalSection(NestedProjects) = preSolution
		{60491C08-6896-46F4-A701-974283AD12CF} = {02EA681E-C7D8-13C7-8484-4AC65E1B71E8}
		{C99611B3-D306-4757-B0A5-648E46185AF5} = {02EA681E-C7D8-13C7-8484-4AC65E1B71E8}
		{131576D6-2052-477D-997C-430534FA841A} = {02EA681E-C7D8-13C7-8484-4AC65E1B71E8}
		{D970B0F0-19A2-42C0-B270-7E1CF9AC5FB7} = {5C07969A-03F5-4D72-8E4A-EA71F1F2ADBC}
		{1760D611-0728-44AE-9932-10781A822A4D} = {5C07969A-03F5-4D72-8E4A-EA71F1F2ADBC}
		{F984AB40-54EE-4687-9E05-6F565240F280} = {5C07969A-03F5-4D72-8E4A-EA71F1F2ADBC}
		{F51D7E28-CA00-40F2-8697-CC6798ED36BE} = {F984AB40-54EE-4687-9E05-6F565240F280}
		{D1DD9E03-D5ED-4711-B200-539BBC86F237} = {F984AB40-54EE-4687-9E05-6F565240F280}
		{1FAB7608-9BA2-4387-BD96-0258E7DC4B39} = {7BDF8FA0-4241-495F-B48B-09098989E2B1}
		{5E7BE7DD-8F64-4708-86A0-74A54B5CA898} = {7BDF8FA0-4241-495F-B48B-09098989E2B1}
		{0D694407-FD19-4651-978D-59F2568ADD89} = {F891E23E-6887-4135-AD67-06303CE456AB}
		{447B8C7E-8F0C-400B-9708-AF5AFA01A4E0} = {F891E23E-6887-4135-AD67-06303CE456AB}
		{FCB723B6-31FA-4DD0-83DF-FAE037A79B22} = {5D0FD666-2730-4A2D-A544-109745248497}
		{7AD7AD8A-CD13-4428-ACA2-BE797E4158A8} = {6DD56FCC-9036-46E7-B6D6-CDB068EFB90D}
		{35B50361-8CC2-4DD4-9E34-691C55A8951A} = {6DD56FCC-9036-46E7-B6D6-CDB068EFB90D}
		{27512526-0479-40E5-9184-0384F7D40209} = {6DD56FCC-9036-46E7-B6D6-CDB068EFB90D}
		{C117F368-4BBE-4754-A6DB-C4B6F8192236} = {6DD56FCC-9036-46E7-B6D6-CDB068EFB90D}
		{16FB4091-982F-4A36-B07F-B7CFC7ADE695} = {AC978242-8813-453D-9ADC-01DB257D743B}
		{660F4E47-EE70-495F-BE6F-EA2029856B1C} = {AC978242-8813-453D-9ADC-01DB257D743B}
		{856F112F-611C-4699-897E-CBAA64F667A0} = {B216C57F-0D98-4C66-806D-C5A795710A97}
		{CFDAF529-E1B9-4264-9549-C8EBE9082103} = {B216C57F-0D98-4C66-806D-C5A795710A97}
	EndGlobalSection
	GlobalSection(ExtensibilityGlobals) = postSolution
		SolutionGuid = {096CACB9-9B27-4AA4-B861-12E584386D66}
	EndGlobalSection
EndGlobal
